
Microsoft Visual Studio Solution File, Format Version 12.00
# Visual Studio 2012
Project("{FAE04EC0-301F-11D3-BF4B-00C04F79EFBC}") = "WindowsFormsApplication2", "WindowsFormsApplication2\WindowsFormsApplication2.csproj", "{B4A0C60B-64E0-4C4F-A04E-8595D17CACB7}"
EndProject
Global
	GlobalSection(SolutionConfigurationPlatforms) = preSolution
		CD_ROM|Any CPU = CD_ROM|Any CPU
		Debug|Any CPU = Debug|Any CPU
		DVD-5|Any CPU = DVD-5|Any CPU
		Release|Any CPU = Release|Any CPU
		SingleImage|Any CPU = SingleImage|Any CPU
	EndGlobalSection
	GlobalSection(ProjectConfigurationPlatforms) = postSolution
		{B4A0C60B-64E0-4C4F-A04E-8595D17CACB7}.CD_ROM|Any CPU.ActiveCfg = Release|Any CPU
		{B4A0C60B-64E0-4C4F-A04E-8595D17CACB7}.CD_ROM|Any CPU.Build.0 = Release|Any CPU
		{B4A0C60B-64E0-4C4F-A04E-8595D17CACB7}.Debug|Any CPU.ActiveCfg = Debug|Any CPU
		{B4A0C60B-64E0-4C4F-A04E-8595D17CACB7}.Debug|Any CPU.Build.0 = Debug|Any CPU
		{B4A0C60B-64E0-4C4F-A04E-8595D17CACB7}.DVD-5|Any CPU.ActiveCfg = Debug|Any CPU
		{B4A0C60B-64E0-4C4F-A04E-8595D17CACB7}.DVD-5|Any CPU.Build.0 = Debug|Any CPU
		{B4A0C60B-64E0-4C4F-A04E-8595D17CACB7}.Release|Any CPU.ActiveCfg = Release|Any CPU
		{B4A0C60B-64E0-4C4F-A04E-8595D17CACB7}.Release|Any CPU.Build.0 = Release|Any CPU
		{B4A0C60B-64E0-4C4F-A04E-8595D17CACB7}.SingleImage|Any CPU.ActiveCfg = Release|Any CPU
		{B4A0C60B-64E0-4C4F-A04E-8595D17CACB7}.SingleImage|Any CPU.Build.0 = Release|Any CPU
	EndGlobalSection
	GlobalSection(SolutionProperties) = preSolution
		HideSolutionNode = FALSE
	EndGlobalSection
EndGlobal
